
Microsoft Visual Studio Solution File, Format Version 12.00
# Visual Studio Version 17
VisualStudioVersion = 17.9.34728.123
MinimumVisualStudioVersion = 10.0.40219.1
Project("{9A19103F-16F7-4668-BE54-9A1E7A4F7556}") = "DesafioProjetoHospedagem", "DesafioProjetoHospedagem.csproj", "{AEAE6562-1175-4FCE-8C91-C6EB0C03EC99}"
EndProject
Global
	GlobalSection(SolutionConfigurationPlatforms) = preSolution
		Debug|Any CPU = Debug|Any CPU
		Release|Any CPU = Release|Any CPU
	EndGlobalSection
	GlobalSection(ProjectConfigurationPlatforms) = postSolution
		{AEAE6562-1175-4FCE-8C91-C6EB0C03EC99}.Debug|Any CPU.ActiveCfg = Debug|Any CPU
		{AEAE6562-1175-4FCE-8C91-C6EB0C03EC99}.Debug|Any CPU.Build.0 = Debug|Any CPU
		{AEAE6562-1175-4FCE-8C91-C6EB0C03EC99}.Release|Any CPU.ActiveCfg = Release|Any CPU
		{AEAE6562-1175-4FCE-8C91-C6EB0C03EC99}.Release|Any CPU.Build.0 = Release|Any CPU
	EndGlobalSection
	GlobalSection(SolutionProperties) = preSolution
		HideSolutionNode = FALSE
	EndGlobalSection
	GlobalSection(ExtensibilityGlobals) = postSolution
		SolutionGuid = {7ECF7E4A-C581-4EFF-A666-FA3A0BEE8154}
	EndGlobalSection
EndGlobal
